
Microsoft Visual Studio Solution File, Format Version 12.00
# Visual Studio 15
VisualStudioVersion = 15.0.28010.0
MinimumVisualStudioVersion = 10.0.40219.1
Project("{FAE04EC0-301F-11D3-BF4B-00C04F79EFBC}") = "RSS_Feed", "RSS_Feed\RSS_Feed.csproj", "{82B519FF-95FD-4AD5-9E8B-19F6884DF4FE}"
EndProject
Project("{FAE04EC0-301F-11D3-BF4B-00C04F79EFBC}") = "ControlsLibrary", "ControlsLibrary\ControlsLibrary.csproj", "{1B3B4AB7-0670-4B3E-9AEE-12B1D744D096}"
EndProject
Global
	GlobalSection(SolutionConfigurationPlatforms) = preSolution
		Debug|Any CPU = Debug|Any CPU
		Release|Any CPU = Release|Any CPU
	EndGlobalSection
	GlobalSection(ProjectConfigurationPlatforms) = postSolution
		{82B519FF-95FD-4AD5-9E8B-19F6884DF4FE}.Debug|Any CPU.ActiveCfg = Debug|Any CPU
		{82B519FF-95FD-4AD5-9E8B-19F6884DF4FE}.Debug|Any CPU.Build.0 = Debug|Any CPU
		{82B519FF-95FD-4AD5-9E8B-19F6884DF4FE}.Release|Any CPU.ActiveCfg = Release|Any CPU
		{82B519FF-95FD-4AD5-9E8B-19F6884DF4FE}.Release|Any CPU.Build.0 = Release|Any CPU
		{1B3B4AB7-0670-4B3E-9AEE-12B1D744D096}.Debug|Any CPU.ActiveCfg = Debug|Any CPU
		{1B3B4AB7-0670-4B3E-9AEE-12B1D744D096}.Debug|Any CPU.Build.0 = Debug|Any CPU
		{1B3B4AB7-0670-4B3E-9AEE-12B1D744D096}.Release|Any CPU.ActiveCfg = Release|Any CPU
		{1B3B4AB7-0670-4B3E-9AEE-12B1D744D096}.Release|Any CPU.Build.0 = Release|Any CPU
	EndGlobalSection
	GlobalSection(SolutionProperties) = preSolution
		HideSolutionNode = FALSE
	EndGlobalSection
	GlobalSection(ExtensibilityGlobals) = postSolution
		SolutionGuid = {340F5644-E69B-487F-8785-B9E10FBFE7F7}
	EndGlobalSection
EndGlobal
