
Microsoft Visual Studio Solution File, Format Version 12.00
# Visual Studio Version 16
VisualStudioVersion = 16.0.30204.135
MinimumVisualStudioVersion = 10.0.40219.1
Project("{FAE04EC0-301F-11D3-BF4B-00C04F79EFBC}") = "RSS_Feed", "RSS_Feed\RSS_Feed.csproj", "{B09D73EC-4BC5-4811-B2B6-D60E03D21805}"
EndProject
Project("{FAE04EC0-301F-11D3-BF4B-00C04F79EFBC}") = "ControlsLibrary", "ControlsLibrary\ControlsLibrary.csproj", "{59071737-E55E-48B9-812F-AE4D41ACB100}"
EndProject
Global
	GlobalSection(SolutionConfigurationPlatforms) = preSolution
		Debug|Any CPU = Debug|Any CPU
		Release|Any CPU = Release|Any CPU
	EndGlobalSection
	GlobalSection(ProjectConfigurationPlatforms) = postSolution
		{B09D73EC-4BC5-4811-B2B6-D60E03D21805}.Debug|Any CPU.ActiveCfg = Debug|Any CPU
		{B09D73EC-4BC5-4811-B2B6-D60E03D21805}.Debug|Any CPU.Build.0 = Debug|Any CPU
		{B09D73EC-4BC5-4811-B2B6-D60E03D21805}.Release|Any CPU.ActiveCfg = Release|Any CPU
		{B09D73EC-4BC5-4811-B2B6-D60E03D21805}.Release|Any CPU.Build.0 = Release|Any CPU
		{59071737-E55E-48B9-812F-AE4D41ACB100}.Debug|Any CPU.ActiveCfg = Debug|Any CPU
		{59071737-E55E-48B9-812F-AE4D41ACB100}.Debug|Any CPU.Build.0 = Debug|Any CPU
		{59071737-E55E-48B9-812F-AE4D41ACB100}.Release|Any CPU.ActiveCfg = Release|Any CPU
		{59071737-E55E-48B9-812F-AE4D41ACB100}.Release|Any CPU.Build.0 = Release|Any CPU
	EndGlobalSection
	GlobalSection(SolutionProperties) = preSolution
		HideSolutionNode = FALSE
	EndGlobalSection
	GlobalSection(ExtensibilityGlobals) = postSolution
		SolutionGuid = {11884006-9F40-4363-82E4-F1369F41A518}
	EndGlobalSection
EndGlobal
